
Microsoft Visual Studio Solution File, Format Version 12.00
# Visual Studio Version 16
VisualStudioVersion = 16.0.30114.105
MinimumVisualStudioVersion = 10.0.40219.1
Project("{FAE04EC0-301F-11D3-BF4B-00C04F79EFBC}") = "CircuitPython", "src\CircuitPython.csproj", "{BF02C2D0-CBAB-465A-A6DD-6AF2C667A563}"
EndProject
Project("{FAE04EC0-301F-11D3-BF4B-00C04F79EFBC}") = "CircuitPythonExample", "example\CircuitPythonExample.csproj", "{0DDCC604-7648-4DC7-AC31-B7F4CA599520}"
EndProject
Project("{FAE04EC0-301F-11D3-BF4B-00C04F79EFBC}") = "CircuitPythonTests", "tests\CircuitPythonTests.csproj", "{280CC294-1839-429E-A622-474BDDFF6E3E}"
EndProject
Global
	GlobalSection(SolutionConfigurationPlatforms) = preSolution
		Debug|Any CPU = Debug|Any CPU
		Release|Any CPU = Release|Any CPU
	EndGlobalSection
	GlobalSection(SolutionProperties) = preSolution
		HideSolutionNode = FALSE
	EndGlobalSection
	GlobalSection(ProjectConfigurationPlatforms) = postSolution
		{BF02C2D0-CBAB-465A-A6DD-6AF2C667A563}.Debug|Any CPU.ActiveCfg = Debug|Any CPU
		{BF02C2D0-CBAB-465A-A6DD-6AF2C667A563}.Debug|Any CPU.Build.0 = Debug|Any CPU
		{BF02C2D0-CBAB-465A-A6DD-6AF2C667A563}.Release|Any CPU.ActiveCfg = Release|Any CPU
		{BF02C2D0-CBAB-465A-A6DD-6AF2C667A563}.Release|Any CPU.Build.0 = Release|Any CPU
		{0DDCC604-7648-4DC7-AC31-B7F4CA599520}.Debug|Any CPU.ActiveCfg = Debug|Any CPU
		{0DDCC604-7648-4DC7-AC31-B7F4CA599520}.Debug|Any CPU.Build.0 = Debug|Any CPU
		{0DDCC604-7648-4DC7-AC31-B7F4CA599520}.Release|Any CPU.ActiveCfg = Release|Any CPU
		{0DDCC604-7648-4DC7-AC31-B7F4CA599520}.Release|Any CPU.Build.0 = Release|Any CPU
		{280CC294-1839-429E-A622-474BDDFF6E3E}.Debug|Any CPU.ActiveCfg = Debug|Any CPU
		{280CC294-1839-429E-A622-474BDDFF6E3E}.Debug|Any CPU.Build.0 = Debug|Any CPU
		{280CC294-1839-429E-A622-474BDDFF6E3E}.Release|Any CPU.ActiveCfg = Release|Any CPU
		{280CC294-1839-429E-A622-474BDDFF6E3E}.Release|Any CPU.Build.0 = Release|Any CPU
	EndGlobalSection
EndGlobal
